
Microsoft Visual Studio Solution File, Format Version 12.00
# Visual Studio Version 17
VisualStudioVersion = 17.4.33213.308
MinimumVisualStudioVersion = 10.0.40219.1
Project("{FAE04EC0-301F-11D3-BF4B-00C04F79EFBC}") = "test-crud", "test-crud.csproj", "{01E88D51-38D2-4FB8-A8C6-D4C09742B2A5}"
EndProject
Global
	GlobalSection(SolutionConfigurationPlatforms) = preSolution
		Debug|Any CPU = Debug|Any CPU
		Release|Any CPU = Release|Any CPU
	EndGlobalSection
	GlobalSection(ProjectConfigurationPlatforms) = postSolution
		{01E88D51-38D2-4FB8-A8C6-D4C09742B2A5}.Debug|Any CPU.ActiveCfg = Debug|Any CPU
		{01E88D51-38D2-4FB8-A8C6-D4C09742B2A5}.Debug|Any CPU.Build.0 = Debug|Any CPU
		{01E88D51-38D2-4FB8-A8C6-D4C09742B2A5}.Release|Any CPU.ActiveCfg = Release|Any CPU
		{01E88D51-38D2-4FB8-A8C6-D4C09742B2A5}.Release|Any CPU.Build.0 = Release|Any CPU
	EndGlobalSection
	GlobalSection(SolutionProperties) = preSolution
		HideSolutionNode = FALSE
	EndGlobalSection
	GlobalSection(ExtensibilityGlobals) = postSolution
		SolutionGuid = {93E75DA5-F9CF-459C-BE5C-A9F77BD0C003}
	EndGlobalSection
EndGlobal
